lockfileVersion: '9.0'

settings:
  autoInstallPeers: true
  excludeLinksFromLockfile: false

importers:

  .:
    dependencies:
      better-sqlite3:
        specifier: 13.0.3
        version: 13.0.3
      marked:
        specifier: 16.4.2
        version: 16.4.2
      yaml:
        specifier: 2.9.0
        version: 2.9.0
    devDependencies:
      '@types/better-sqlite3':
        specifier: 9.6.0
        version: 9.6.0
      '@types/node':
        specifier: 24.12.2
        version: 24.12.2
      typescript:
        specifier: 6.0.2
        version: 6.0.2

packages:

  '@types/better-sqlite3@9.6.0':
    resolution: {integrity: sha512-ZEEwBSgMu7GYJOynoagg5X9JbxfL6dTJDsgViJIqh67jV44kyOr9RXfmFjLK5rzC4MWssP06t9hu/JwGDnUbCg==}

  '@types/node@24.12.2':
    resolution: {integrity: sha512-A1sre26ke7HDIuY/M23nd9gfB+nrmhtYyMINbjI1zHJxYteKR6qSMX56FsmjMcDb3SMcjJg5BiRRgOCC/yBD0g==}

  better-sqlite3@13.0.3:
    resolution: {integrity: sha512-RbOBxmLBG8uvFUc15X9+9SFemKcQ0WBuISBVkpuiaUB2qblC8UWlHEjdWVoZ8AdhSwmoEgsiXKfopX0CQxaACQ==}
    engines: {node: '>=22'}

  marked@16.4.2:
    resolution: {integrity: sha512-TI3V8YYWvkVf3KJe1dRkpnjs68JUPyEa5vjKrp1XEEJUAOaQc+Qj+L1qWbPd0SJuAdQkFU0h73sXXqwDYxsiDA==}
    engines: {node: '>= 20'}
    hasBin: true

  node-addon-api@8.9.2:
    resolution: {integrity: sha512-VijLXbi3UACN69I0JVXJsX4tjACjNoQDgv2gTF6sx2wWEi8tkSg2eX8p5gSIFi8z2+DL3oHmY6OyKce38SDolg==}
    engines: {node: ^18 || ^20 || >= 21}

  typescript@6.0.2:
    resolution: {integrity: sha512-bGdAIrZ0wiGDo5l8c++HWtbaNCWTS4UTv7RaTH/ThVIgjkveJt83m74bBHMJkuCbslY8ixgLBVZJIOiQlQTjfQ==}
    engines: {node: '>=14.17'}
    hasBin: true

  undici-types@7.16.0:
    resolution: {integrity: sha512-Zz+aZWSj8LE6zoxD+xrjh4VfkIG8Ya6LvYkZqtUQGJPZjYl53ypCaUwWqo7eI0x66KBGeRo+mlBEkMSeSZ38Nw==}

  yaml@2.9.0:
    resolution: {integrity: sha512-2AvhNX3mb8zd6Zy7INTtSpl1F15HW6Wnqj0srWlkKLcpYl/gMIMJiyuGq2KeI2YFxUPjdlB+3Lc10seMLtL4cA==}
    engines: {node: '>= 14.6'}
    hasBin: true

snapshots:

  '@types/better-sqlite3@9.6.0':
    dependencies:
      '@types/node': 24.12.2

  '@types/node@24.12.2':
    dependencies:
      undici-types: 7.16.0

  better-sqlite3@13.0.3:
    dependencies:
      node-addon-api: 8.9.2

  marked@16.4.2: {}

  node-addon-api@8.9.2: {}

  typescript@6.0.2: {}

  undici-types@7.16.0: {}

  yaml@2.9.0: {}
